
Microsoft Visual Studio Solution File, Format Version 12.00
# Visual Studio Version 17
VisualStudioVersion = 17.2.32630.192
MinimumVisualStudioVersion = 10.0.40219.1
Project("{FAE04EC0-301F-11D3-BF4B-00C04F79EFBC}") = "WindowsFormsApp-Final", "WindowsFormsApp-Final\WindowsFormsApp-Final.csproj", "{97D7EE85-2B39-44F2-8516-0D711D4EB9D0}"
EndProject
Project("{FAE04EC0-301F-11D3-BF4B-00C04F79EFBC}") = "dominio", "dominio\dominio.csproj", "{3D0A5863-D614-4120-89DF-839DC1D2822B}"
EndProject
Project("{FAE04EC0-301F-11D3-BF4B-00C04F79EFBC}") = "negocio", "Negocio\negocio.csproj", "{D8C1FD6C-25B8-40C8-9395-F4DACED55BAA}"
EndProject
Global
	GlobalSection(SolutionConfigurationPlatforms) = preSolution
		Debug|Any CPU = Debug|Any CPU
		Release|Any CPU = Release|Any CPU
	EndGlobalSection
	GlobalSection(ProjectConfigurationPlatforms) = postSolution
		{97D7EE85-2B39-44F2-8516-0D711D4EB9D0}.Debug|Any CPU.ActiveCfg = Debug|Any CPU
		{97D7EE85-2B39-44F2-8516-0D711D4EB9D0}.Debug|Any CPU.Build.0 = Debug|Any CPU
		{97D7EE85-2B39-44F2-8516-0D711D4EB9D0}.Release|Any CPU.ActiveCfg = Release|Any CPU
		{97D7EE85-2B39-44F2-8516-0D711D4EB9D0}.Release|Any CPU.Build.0 = Release|Any CPU
		{3D0A5863-D614-4120-89DF-839DC1D2822B}.Debug|Any CPU.ActiveCfg = Debug|Any CPU
		{3D0A5863-D614-4120-89DF-839DC1D2822B}.Debug|Any CPU.Build.0 = Debug|Any CPU
		{3D0A5863-D614-4120-89DF-839DC1D2822B}.Release|Any CPU.ActiveCfg = Release|Any CPU
		{3D0A5863-D614-4120-89DF-839DC1D2822B}.Release|Any CPU.Build.0 = Release|Any CPU
		{D8C1FD6C-25B8-40C8-9395-F4DACED55BAA}.Debug|Any CPU.ActiveCfg = Debug|Any CPU
		{D8C1FD6C-25B8-40C8-9395-F4DACED55BAA}.Debug|Any CPU.Build.0 = Debug|Any CPU
		{D8C1FD6C-25B8-40C8-9395-F4DACED55BAA}.Release|Any CPU.ActiveCfg = Release|Any CPU
		{D8C1FD6C-25B8-40C8-9395-F4DACED55BAA}.Release|Any CPU.Build.0 = Release|Any CPU
	EndGlobalSection
	GlobalSection(SolutionProperties) = preSolution
		HideSolutionNode = FALSE
	EndGlobalSection
	GlobalSection(ExtensibilityGlobals) = postSolution
		SolutionGuid = {5EA723D1-DEF9-4931-8B51-77FB7781B8CD}
	EndGlobalSection
EndGlobal
